
Microsoft Visual Studio Solution File, Format Version 12.00
# Visual Studio Version 17
VisualStudioVersion = 17.5.002.0
MinimumVisualStudioVersion = 10.0.40219.1
Project("{9A19103F-16F7-4668-BE54-9A1E7A4F7556}") = "Space_Race", "Space_Race.csproj", "{6F450F3B-B470-4C07-BE5B-F7CBFAF91DC6}"
EndProject
Global
	GlobalSection(SolutionConfigurationPlatforms) = preSolution
		Debug|Any CPU = Debug|Any CPU
		Release|Any CPU = Release|Any CPU
	EndGlobalSection
	GlobalSection(ProjectConfigurationPlatforms) = postSolution
		{6F450F3B-B470-4C07-BE5B-F7CBFAF91DC6}.Debug|Any CPU.ActiveCfg = Debug|Any CPU
		{6F450F3B-B470-4C07-BE5B-F7CBFAF91DC6}.Debug|Any CPU.Build.0 = Debug|Any CPU
		{6F450F3B-B470-4C07-BE5B-F7CBFAF91DC6}.Release|Any CPU.ActiveCfg = Release|Any CPU
		{6F450F3B-B470-4C07-BE5B-F7CBFAF91DC6}.Release|Any CPU.Build.0 = Release|Any CPU
	EndGlobalSection
	GlobalSection(SolutionProperties) = preSolution
		HideSolutionNode = FALSE
	EndGlobalSection
	GlobalSection(ExtensibilityGlobals) = postSolution
		SolutionGuid = {783E3D62-7C7C-4AD4-9599-E26D81EB23F3}
	EndGlobalSection
EndGlobal
